
Microsoft Visual Studio Solution File, Format Version 12.00
# Visual Studio Version 16
VisualStudioVersion = 16.0.30225.117
MinimumVisualStudioVersion = 10.0.40219.1
Project("{FAE04EC0-301F-11D3-BF4B-00C04F79EFBC}") = "TextProcessors", "TextProcessors\TextProcessors.csproj", "{ED78BDCA-435E-4EFE-B4E5-C894A5EB818D}"
EndProject
Global
	GlobalSection(SolutionConfigurationPlatforms) = preSolution
		Debug|Any CPU = Debug|Any CPU
		Release|Any CPU = Release|Any CPU
	EndGlobalSection
	GlobalSection(ProjectConfigurationPlatforms) = postSolution
		{ED78BDCA-435E-4EFE-B4E5-C894A5EB818D}.Debug|Any CPU.ActiveCfg = Debug|Any CPU
		{ED78BDCA-435E-4EFE-B4E5-C894A5EB818D}.Debug|Any CPU.Build.0 = Debug|Any CPU
		{ED78BDCA-435E-4EFE-B4E5-C894A5EB818D}.Release|Any CPU.ActiveCfg = Release|Any CPU
		{ED78BDCA-435E-4EFE-B4E5-C894A5EB818D}.Release|Any CPU.Build.0 = Release|Any CPU
	EndGlobalSection
	GlobalSection(SolutionProperties) = preSolution
		HideSolutionNode = FALSE
	EndGlobalSection
	GlobalSection(ExtensibilityGlobals) = postSolution
		SolutionGuid = {D1DCE1AC-EF07-4F45-A3C5-29972F977DB8}
	EndGlobalSection
EndGlobal
